
Microsoft Visual Studio Solution File, Format Version 12.00
# Visual Studio Version 16
VisualStudioVersion = 16.0.29806.167
MinimumVisualStudioVersion = 10.0.40219.1
Project("{FAE04EC0-301F-11D3-BF4B-00C04F79EFBC}") = "Fristy.Blog.Api", "Fristy.Blog.Api\Fristy.Blog.Api.csproj", "{C5D7D5C7-48E0-4441-83CB-81BF33FACB6F}"
EndProject
Project("{9A19103F-16F7-4668-BE54-9A1E7A4F7556}") = "Fristy.Blog.Application", "Fristy.Blog.Application\Fristy.Blog.Application.csproj", "{CB840CBC-03D0-4D54-8102-EBA14A39DDF4}"
EndProject
Project("{9A19103F-16F7-4668-BE54-9A1E7A4F7556}") = "Fristy.Blog.Domain", "Fristy.Blog.Domain\Fristy.Blog.Domain.csproj", "{E78CA154-CB76-457E-91EA-9E7FC60BDD37}"
EndProject
Project("{9A19103F-16F7-4668-BE54-9A1E7A4F7556}") = "Fristy.Blog.Service", "Fristy.Blog.Service\Fristy.Blog.Service.csproj", "{D2EA5C9F-5167-4D1F-B68E-63680C8FE046}"
EndProject
Global
	GlobalSection(SolutionConfigurationPlatforms) = preSolution
		Debug|Any CPU = Debug|Any CPU
		Release|Any CPU = Release|Any CPU
	EndGlobalSection
	GlobalSection(ProjectConfigurationPlatforms) = postSolution
		{C5D7D5C7-48E0-4441-83CB-81BF33FACB6F}.Debug|Any CPU.ActiveCfg = Debug|Any CPU
		{C5D7D5C7-48E0-4441-83CB-81BF33FACB6F}.Debug|Any CPU.Build.0 = Debug|Any CPU
		{C5D7D5C7-48E0-4441-83CB-81BF33FACB6F}.Release|Any CPU.ActiveCfg = Release|Any CPU
		{C5D7D5C7-48E0-4441-83CB-81BF33FACB6F}.Release|Any CPU.Build.0 = Release|Any CPU
		{CB840CBC-03D0-4D54-8102-EBA14A39DDF4}.Debug|Any CPU.ActiveCfg = Debug|Any CPU
		{CB840CBC-03D0-4D54-8102-EBA14A39DDF4}.Debug|Any CPU.Build.0 = Debug|Any CPU
		{CB840CBC-03D0-4D54-8102-EBA14A39DDF4}.Release|Any CPU.ActiveCfg = Release|Any CPU
		{CB840CBC-03D0-4D54-8102-EBA14A39DDF4}.Release|Any CPU.Build.0 = Release|Any CPU
		{E78CA154-CB76-457E-91EA-9E7FC60BDD37}.Debug|Any CPU.ActiveCfg = Debug|Any CPU
		{E78CA154-CB76-457E-91EA-9E7FC60BDD37}.Debug|Any CPU.Build.0 = Debug|Any CPU
		{E78CA154-CB76-457E-91EA-9E7FC60BDD37}.Release|Any CPU.ActiveCfg = Release|Any CPU
		{E78CA154-CB76-457E-91EA-9E7FC60BDD37}.Release|Any CPU.Build.0 = Release|Any CPU
		{D2EA5C9F-5167-4D1F-B68E-63680C8FE046}.Debug|Any CPU.ActiveCfg = Debug|Any CPU
		{D2EA5C9F-5167-4D1F-B68E-63680C8FE046}.Debug|Any CPU.Build.0 = Debug|Any CPU
		{D2EA5C9F-5167-4D1F-B68E-63680C8FE046}.Release|Any CPU.ActiveCfg = Release|Any CPU
		{D2EA5C9F-5167-4D1F-B68E-63680C8FE046}.Release|Any CPU.Build.0 = Release|Any CPU
	EndGlobalSection
	GlobalSection(SolutionProperties) = preSolution
		HideSolutionNode = FALSE
	EndGlobalSection
	GlobalSection(ExtensibilityGlobals) = postSolution
		SolutionGuid = {DA2554BE-3151-4B4D-ADAF-97020B04D978}
	EndGlobalSection
EndGlobal
